
Microsoft Visual Studio Solution File, Format Version 12.00
# Visual Studio Version 17
VisualStudioVersion = 17.5.2.0
MinimumVisualStudioVersion = 10.0.40219.1
Project("{FAE04EC0-301F-11D3-BF4B-00C04F79EFBC}") = "prac", "prac.csproj", "{99A74012-1CDD-D44D-37F0-7B9FDE01E459}"
EndProject
Project("{FAE04EC0-301F-11D3-BF4B-00C04F79EFBC}") = "PersonApi", "PersonApi\PersonApi.csproj", "{7AF9CFB9-7196-4DCE-9252-2A67145F75E8}"
EndProject
Global
	GlobalSection(SolutionConfigurationPlatforms) = preSolution
		Debug|Any CPU = Debug|Any CPU
		Debug|x64 = Debug|x64
		Debug|x86 = Debug|x86
		Release|Any CPU = Release|Any CPU
		Release|x64 = Release|x64
		Release|x86 = Release|x86
	EndGlobalSection
	GlobalSection(ProjectConfigurationPlatforms) = postSolution
		{99A74012-1CDD-D44D-37F0-7B9FDE01E459}.Debug|Any CPU.ActiveCfg = Debug|Any CPU
		{99A74012-1CDD-D44D-37F0-7B9FDE01E459}.Debug|Any CPU.Build.0 = Debug|Any CPU
		{99A74012-1CDD-D44D-37F0-7B9FDE01E459}.Debug|x64.ActiveCfg = Debug|Any CPU
		{99A74012-1CDD-D44D-37F0-7B9FDE01E459}.Debug|x64.Build.0 = Debug|Any CPU
		{99A74012-1CDD-D44D-37F0-7B9FDE01E459}.Debug|x86.ActiveCfg = Debug|Any CPU
		{99A74012-1CDD-D44D-37F0-7B9FDE01E459}.Debug|x86.Build.0 = Debug|Any CPU
		{99A74012-1CDD-D44D-37F0-7B9FDE01E459}.Release|Any CPU.ActiveCfg = Release|Any CPU
		{99A74012-1CDD-D44D-37F0-7B9FDE01E459}.Release|Any CPU.Build.0 = Release|Any CPU
		{99A74012-1CDD-D44D-37F0-7B9FDE01E459}.Release|x64.ActiveCfg = Release|Any CPU
		{99A74012-1CDD-D44D-37F0-7B9FDE01E459}.Release|x64.Build.0 = Release|Any CPU
		{99A74012-1CDD-D44D-37F0-7B9FDE01E459}.Release|x86.ActiveCfg = Release|Any CPU
		{99A74012-1CDD-D44D-37F0-7B9FDE01E459}.Release|x86.Build.0 = Release|Any CPU
		{7AF9CFB9-7196-4DCE-9252-2A67145F75E8}.Debug|Any CPU.ActiveCfg = Debug|Any CPU
		{7AF9CFB9-7196-4DCE-9252-2A67145F75E8}.Debug|Any CPU.Build.0 = Debug|Any CPU
		{7AF9CFB9-7196-4DCE-9252-2A67145F75E8}.Debug|x64.ActiveCfg = Debug|Any CPU
		{7AF9CFB9-7196-4DCE-9252-2A67145F75E8}.Debug|x64.Build.0 = Debug|Any CPU
		{7AF9CFB9-7196-4DCE-9252-2A67145F75E8}.Debug|x86.ActiveCfg = Debug|Any CPU
		{7AF9CFB9-7196-4DCE-9252-2A67145F75E8}.Debug|x86.Build.0 = Debug|Any CPU
		{7AF9CFB9-7196-4DCE-9252-2A67145F75E8}.Release|Any CPU.ActiveCfg = Release|Any CPU
		{7AF9CFB9-7196-4DCE-9252-2A67145F75E8}.Release|Any CPU.Build.0 = Release|Any CPU
		{7AF9CFB9-7196-4DCE-9252-2A67145F75E8}.Release|x64.ActiveCfg = Release|Any CPU
		{7AF9CFB9-7196-4DCE-9252-2A67145F75E8}.Release|x64.Build.0 = Release|Any CPU
		{7AF9CFB9-7196-4DCE-9252-2A67145F75E8}.Release|x86.ActiveCfg = Release|Any CPU
		{7AF9CFB9-7196-4DCE-9252-2A67145F75E8}.Release|x86.Build.0 = Release|Any CPU
	EndGlobalSection
	GlobalSection(SolutionProperties) = preSolution
		HideSolutionNode = FALSE
	EndGlobalSection
	GlobalSection(ExtensibilityGlobals) = postSolution
		SolutionGuid = {138DE5DC-8E23-49FE-B47C-709C8834889D}
	EndGlobalSection
EndGlobal
